# This file is automatically @generated by Cargo.
# It is not intended for manual editing.
version = 4

[[package]]
name = "se_app"
version = "0.1.0"
dependencies = [
 "se_assets",
 "se_engine",
]

[[package]]
name = "se_assets"
version = "0.1.0"

[[package]]
name = "se_engine"
version = "0.1.0"
dependencies = [
 "se_assets",
]
